
Microsoft Visual Studio Solution File, Format Version 12.00
# Visual Studio Version 16
VisualStudioVersion = 16.0.30717.126
MinimumVisualStudioVersion = 10.0.40219.1
Project("{FAE04EC0-301F-11D3-BF4B-00C04F79EFBC}") = "graphics-lab-seven", "graphics-lab-seven\graphics-lab-seven.csproj", "{341C7A50-7ECD-4695-B475-CA5928CBC112}"
EndProject
Global
	GlobalSection(SolutionConfigurationPlatforms) = preSolution
		Debug|Any CPU = Debug|Any CPU
		Release|Any CPU = Release|Any CPU
	EndGlobalSection
	GlobalSection(ProjectConfigurationPlatforms) = postSolution
		{341C7A50-7ECD-4695-B475-CA5928CBC112}.Debug|Any CPU.ActiveCfg = Debug|Any CPU
		{341C7A50-7ECD-4695-B475-CA5928CBC112}.Debug|Any CPU.Build.0 = Debug|Any CPU
		{341C7A50-7ECD-4695-B475-CA5928CBC112}.Release|Any CPU.ActiveCfg = Release|Any CPU
		{341C7A50-7ECD-4695-B475-CA5928CBC112}.Release|Any CPU.Build.0 = Release|Any CPU
	EndGlobalSection
	GlobalSection(SolutionProperties) = preSolution
		HideSolutionNode = FALSE
	EndGlobalSection
	GlobalSection(ExtensibilityGlobals) = postSolution
		SolutionGuid = {DF6AEB21-536B-4E79-8FA8-BA2D3B776AF4}
	EndGlobalSection
EndGlobal
